
Microsoft Visual Studio Solution File, Format Version 12.00
# Visual Studio 15
VisualStudioVersion = 15.0.27130.2003
MinimumVisualStudioVersion = 10.0.40219.1
Project("{8BC9CEB8-8B4A-11D0-8D11-00A0C91BC942}") = "CLearing", "CLearing\CLearing.vcxproj", "{39C4C69B-6567-4BF6-B4E0-D716E1E04175}"
EndProject
Project("{8BC9CEB8-8B4A-11D0-8D11-00A0C91BC942}") = "字符串_字符数组", "字符串_字符数组\字符串_字符数组.vcxproj", "{3B095116-9635-47E3-AAAD-FAE66902D94B}"
EndProject
Project("{8BC9CEB8-8B4A-11D0-8D11-00A0C91BC942}") = "StrCopy", "StrCopy\StrCopy.vcxproj", "{513E688D-8E95-4FF7-B60C-6D9C6AAEF1F1}"
EndProject
Project("{8BC9CEB8-8B4A-11D0-8D11-00A0C91BC942}") = "StrCompare", "StrCompare\StrCompare.vcxproj", "{573C0A5D-D898-4E1C-8E13-878E43404753}"
EndProject
Project("{8BC9CEB8-8B4A-11D0-8D11-00A0C91BC942}") = "StrConnect", "StrConnect\StrConnect.vcxproj", "{1DC52085-EA64-466F-AAF0-977A82B2DEDB}"
EndProject
Project("{8BC9CEB8-8B4A-11D0-8D11-00A0C91BC942}") = "DataEncrypt", "StrJiaMi\StrJiaMi.vcxproj", "{1133BDDD-D69D-4323-9943-F33A8F2EA179}"
EndProject
Project("{8BC9CEB8-8B4A-11D0-8D11-00A0C91BC942}") = "StrPoint", "StrPoint\StrPoint.vcxproj", "{4637E8AA-FA55-41B7-B49D-9B0DB72ACED5}"
EndProject
Project("{8BC9CEB8-8B4A-11D0-8D11-00A0C91BC942}") = "ArrayAndPoint", "ArrayAndPoint\ArrayAndPoint.vcxproj", "{0787B962-6B77-4A0C-872D-A29D56D83E30}"
EndProject
Project("{8BC9CEB8-8B4A-11D0-8D11-00A0C91BC942}") = "Structure", "Structure\Structure.vcxproj", "{0806ADCF-0CC4-4EC7-83C4-00B3B2BF7D26}"
EndProject
Project("{8BC9CEB8-8B4A-11D0-8D11-00A0C91BC942}") = "UseStructure", "UseStructure\UseStructure.vcxproj", "{E9ADFA6F-464F-4271-95E6-5F2AF7FD3315}"
EndProject
Project("{8BC9CEB8-8B4A-11D0-8D11-00A0C91BC942}") = "Structure1", "Structure1\Structure1.vcxproj", "{A81269E9-D0CD-4A1C-AB7F-A37356DF2DFA}"
EndProject
Project("{8BC9CEB8-8B4A-11D0-8D11-00A0C91BC942}") = "Hero", "Hero\Hero.vcxproj", "{9DEBDD0A-3083-4803-A170-EDB092846F60}"
EndProject
Project("{8BC9CEB8-8B4A-11D0-8D11-00A0C91BC942}") = "PrintHeroInformation", "PrintHeroInformation\PrintHeroInformation.vcxproj", "{C6D3E5A1-9BD7-4693-B037-BB3418B360F2}"
EndProject
Project("{8BC9CEB8-8B4A-11D0-8D11-00A0C91BC942}") = "Structure2", "Structure2\Structure2.vcxproj", "{9C1FB7A5-735B-47DC-A2AB-41676CDF72AD}"
EndProject
Global
	GlobalSection(SolutionConfigurationPlatforms) = preSolution
		Debug|x64 = Debug|x64
		Debug|x86 = Debug|x86
		Release|x64 = Release|x64
		Release|x86 = Release|x86
	EndGlobalSection
	GlobalSection(ProjectConfigurationPlatforms) = postSolution
		{39C4C69B-6567-4BF6-B4E0-D716E1E04175}.Debug|x64.ActiveCfg = Debug|x64
		{39C4C69B-6567-4BF6-B4E0-D716E1E04175}.Debug|x64.Build.0 = Debug|x64
		{39C4C69B-6567-4BF6-B4E0-D716E1E04175}.Debug|x86.ActiveCfg = Debug|Win32
		{39C4C69B-6567-4BF6-B4E0-D716E1E04175}.Debug|x86.Build.0 = Debug|Win32
		{39C4C69B-6567-4BF6-B4E0-D716E1E04175}.Release|x64.ActiveCfg = Release|x64
		{39C4C69B-6567-4BF6-B4E0-D716E1E04175}.Release|x64.Build.0 = Release|x64
		{39C4C69B-6567-4BF6-B4E0-D716E1E04175}.Release|x86.ActiveCfg = Release|Win32
		{39C4C69B-6567-4BF6-B4E0-D716E1E04175}.Release|x86.Build.0 = Release|Win32
		{3B095116-9635-47E3-AAAD-FAE66902D94B}.Debug|x64.ActiveCfg = Debug|x64
		{3B095116-9635-47E3-AAAD-FAE66902D94B}.Debug|x64.Build.0 = Debug|x64
		{3B095116-9635-47E3-AAAD-FAE66902D94B}.Debug|x86.ActiveCfg = Debug|Win32
		{3B095116-9635-47E3-AAAD-FAE66902D94B}.Debug|x86.Build.0 = Debug|Win32
		{3B095116-9635-47E3-AAAD-FAE66902D94B}.Release|x64.ActiveCfg = Release|x64
		{3B095116-9635-47E3-AAAD-FAE66902D94B}.Release|x64.Build.0 = Release|x64
		{3B095116-9635-47E3-AAAD-FAE66902D94B}.Release|x86.ActiveCfg = Release|Win32
		{3B095116-9635-47E3-AAAD-FAE66902D94B}.Release|x86.Build.0 = Release|Win32
		{513E688D-8E95-4FF7-B60C-6D9C6AAEF1F1}.Debug|x64.ActiveCfg = Debug|x64
		{513E688D-8E95-4FF7-B60C-6D9C6AAEF1F1}.Debug|x64.Build.0 = Debug|x64
		{513E688D-8E95-4FF7-B60C-6D9C6AAEF1F1}.Debug|x86.ActiveCfg = Debug|Win32
		{513E688D-8E95-4FF7-B60C-6D9C6AAEF1F1}.Debug|x86.Build.0 = Debug|Win32
		{513E688D-8E95-4FF7-B60C-6D9C6AAEF1F1}.Release|x64.ActiveCfg = Release|x64
		{513E688D-8E95-4FF7-B60C-6D9C6AAEF1F1}.Release|x64.Build.0 = Release|x64
		{513E688D-8E95-4FF7-B60C-6D9C6AAEF1F1}.Release|x86.ActiveCfg = Release|Win32
		{513E688D-8E95-4FF7-B60C-6D9C6AAEF1F1}.Release|x86.Build.0 = Release|Win32
		{573C0A5D-D898-4E1C-8E13-878E43404753}.Debug|x64.ActiveCfg = Debug|x64
		{573C0A5D-D898-4E1C-8E13-878E43404753}.Debug|x64.Build.0 = Debug|x64
		{573C0A5D-D898-4E1C-8E13-878E43404753}.Debug|x86.ActiveCfg = Debug|Win32
		{573C0A5D-D898-4E1C-8E13-878E43404753}.Debug|x86.Build.0 = Debug|Win32
		{573C0A5D-D898-4E1C-8E13-878E43404753}.Release|x64.ActiveCfg = Release|x64
		{573C0A5D-D898-4E1C-8E13-878E43404753}.Release|x64.Build.0 = Release|x64
		{573C0A5D-D898-4E1C-8E13-878E43404753}.Release|x86.ActiveCfg = Release|Win32
		{573C0A5D-D898-4E1C-8E13-878E43404753}.Release|x86.Build.0 = Release|Win32
		{1DC52085-EA64-466F-AAF0-977A82B2DEDB}.Debug|x64.ActiveCfg = Debug|x64
		{1DC52085-EA64-466F-AAF0-977A82B2DEDB}.Debug|x64.Build.0 = Debug|x64
		{1DC52085-EA64-466F-AAF0-977A82B2DEDB}.Debug|x86.ActiveCfg = Debug|Win32
		{1DC52085-EA64-466F-AAF0-977A82B2DEDB}.Debug|x86.Build.0 = Debug|Win32
		{1DC52085-EA64-466F-AAF0-977A82B2DEDB}.Release|x64.ActiveCfg = Release|x64
		{1DC52085-EA64-466F-AAF0-977A82B2DEDB}.Release|x64.Build.0 = Release|x64
		{1DC52085-EA64-466F-AAF0-977A82B2DEDB}.Release|x86.ActiveCfg = Release|Win32
		{1DC52085-EA64-466F-AAF0-977A82B2DEDB}.Release|x86.Build.0 = Release|Win32
		{1133BDDD-D69D-4323-9943-F33A8F2EA179}.Debug|x64.ActiveCfg = Debug|x64
		{1133BDDD-D69D-4323-9943-F33A8F2EA179}.Debug|x64.Build.0 = Debug|x64
		{1133BDDD-D69D-4323-9943-F33A8F2EA179}.Debug|x86.ActiveCfg = Debug|Win32
		{1133BDDD-D69D-4323-9943-F33A8F2EA179}.Debug|x86.Build.0 = Debug|Win32
		{1133BDDD-D69D-4323-9943-F33A8F2EA179}.Release|x64.ActiveCfg = Release|x64
		{1133BDDD-D69D-4323-9943-F33A8F2EA179}.Release|x64.Build.0 = Release|x64
		{1133BDDD-D69D-4323-9943-F33A8F2EA179}.Release|x86.ActiveCfg = Release|Win32
		{1133BDDD-D69D-4323-9943-F33A8F2EA179}.Release|x86.Build.0 = Release|Win32
		{4637E8AA-FA55-41B7-B49D-9B0DB72ACED5}.Debug|x64.ActiveCfg = Debug|x64
		{4637E8AA-FA55-41B7-B49D-9B0DB72ACED5}.Debug|x64.Build.0 = Debug|x64
		{4637E8AA-FA55-41B7-B49D-9B0DB72ACED5}.Debug|x86.ActiveCfg = Debug|Win32
		{4637E8AA-FA55-41B7-B49D-9B0DB72ACED5}.Debug|x86.Build.0 = Debug|Win32
		{4637E8AA-FA55-41B7-B49D-9B0DB72ACED5}.Release|x64.ActiveCfg = Release|x64
		{4637E8AA-FA55-41B7-B49D-9B0DB72ACED5}.Release|x64.Build.0 = Release|x64
		{4637E8AA-FA55-41B7-B49D-9B0DB72ACED5}.Release|x86.ActiveCfg = Release|Win32
		{4637E8AA-FA55-41B7-B49D-9B0DB72ACED5}.Release|x86.Build.0 = Release|Win32
		{0787B962-6B77-4A0C-872D-A29D56D83E30}.Debug|x64.ActiveCfg = Debug|x64
		{0787B962-6B77-4A0C-872D-A29D56D83E30}.Debug|x64.Build.0 = Debug|x64
		{0787B962-6B77-4A0C-872D-A29D56D83E30}.Debug|x86.ActiveCfg = Debug|Win32
		{0787B962-6B77-4A0C-872D-A29D56D83E30}.Debug|x86.Build.0 = Debug|Win32
		{0787B962-6B77-4A0C-872D-A29D56D83E30}.Release|x64.ActiveCfg = Release|x64
		{0787B962-6B77-4A0C-872D-A29D56D83E30}.Release|x64.Build.0 = Release|x64
		{0787B962-6B77-4A0C-872D-A29D56D83E30}.Release|x86.ActiveCfg = Release|Win32
		{0787B962-6B77-4A0C-872D-A29D56D83E30}.Release|x86.Build.0 = Release|Win32
		{0806ADCF-0CC4-4EC7-83C4-00B3B2BF7D26}.Debug|x64.ActiveCfg = Debug|x64
		{0806ADCF-0CC4-4EC7-83C4-00B3B2BF7D26}.Debug|x64.Build.0 = Debug|x64
		{0806ADCF-0CC4-4EC7-83C4-00B3B2BF7D26}.Debug|x86.ActiveCfg = Debug|Win32
		{0806ADCF-0CC4-4EC7-83C4-00B3B2BF7D26}.Debug|x86.Build.0 = Debug|Win32
		{0806ADCF-0CC4-4EC7-83C4-00B3B2BF7D26}.Release|x64.ActiveCfg = Release|x64
		{0806ADCF-0CC4-4EC7-83C4-00B3B2BF7D26}.Release|x64.Build.0 = Release|x64
		{0806ADCF-0CC4-4EC7-83C4-00B3B2BF7D26}.Release|x86.ActiveCfg = Release|Win32
		{0806ADCF-0CC4-4EC7-83C4-00B3B2BF7D26}.Release|x86.Build.0 = Release|Win32
		{E9ADFA6F-464F-4271-95E6-5F2AF7FD3315}.Debug|x64.ActiveCfg = Debug|x64
		{E9ADFA6F-464F-4271-95E6-5F2AF7FD3315}.Debug|x64.Build.0 = Debug|x64
		{E9ADFA6F-464F-4271-95E6-5F2AF7FD3315}.Debug|x86.ActiveCfg = Debug|Win32
		{E9ADFA6F-464F-4271-95E6-5F2AF7FD3315}.Debug|x86.Build.0 = Debug|Win32
		{E9ADFA6F-464F-4271-95E6-5F2AF7FD3315}.Release|x64.ActiveCfg = Release|x64
		{E9ADFA6F-464F-4271-95E6-5F2AF7FD3315}.Release|x64.Build.0 = Release|x64
		{E9ADFA6F-464F-4271-95E6-5F2AF7FD3315}.Release|x86.ActiveCfg = Release|Win32
		{E9ADFA6F-464F-4271-95E6-5F2AF7FD3315}.Release|x86.Build.0 = Release|Win32
		{A81269E9-D0CD-4A1C-AB7F-A37356DF2DFA}.Debug|x64.ActiveCfg = Debug|x64
		{A81269E9-D0CD-4A1C-AB7F-A37356DF2DFA}.Debug|x64.Build.0 = Debug|x64
		{A81269E9-D0CD-4A1C-AB7F-A37356DF2DFA}.Debug|x86.ActiveCfg = Debug|Win32
		{A81269E9-D0CD-4A1C-AB7F-A37356DF2DFA}.Debug|x86.Build.0 = Debug|Win32
		{A81269E9-D0CD-4A1C-AB7F-A37356DF2DFA}.Release|x64.ActiveCfg = Release|x64
		{A81269E9-D0CD-4A1C-AB7F-A37356DF2DFA}.Release|x64.Build.0 = Release|x64
		{A81269E9-D0CD-4A1C-AB7F-A37356DF2DFA}.Release|x86.ActiveCfg = Release|Win32
		{A81269E9-D0CD-4A1C-AB7F-A37356DF2DFA}.Release|x86.Build.0 = Release|Win32
		{9DEBDD0A-3083-4803-A170-EDB092846F60}.Debug|x64.ActiveCfg = Debug|x64
		{9DEBDD0A-3083-4803-A170-EDB092846F60}.Debug|x64.Build.0 = Debug|x64
		{9DEBDD0A-3083-4803-A170-EDB092846F60}.Debug|x86.ActiveCfg = Debug|Win32
		{9DEBDD0A-3083-4803-A170-EDB092846F60}.Debug|x86.Build.0 = Debug|Win32
		{9DEBDD0A-3083-4803-A170-EDB092846F60}.Release|x64.ActiveCfg = Release|x64
		{9DEBDD0A-3083-4803-A170-EDB092846F60}.Release|x64.Build.0 = Release|x64
		{9DEBDD0A-3083-4803-A170-EDB092846F60}.Release|x86.ActiveCfg = Release|Win32
		{9DEBDD0A-3083-4803-A170-EDB092846F60}.Release|x86.Build.0 = Release|Win32
		{C6D3E5A1-9BD7-4693-B037-BB3418B360F2}.Debug|x64.ActiveCfg = Debug|x64
		{C6D3E5A1-9BD7-4693-B037-BB3418B360F2}.Debug|x64.Build.0 = Debug|x64
		{C6D3E5A1-9BD7-4693-B037-BB3418B360F2}.Debug|x86.ActiveCfg = Debug|Win32
		{C6D3E5A1-9BD7-4693-B037-BB3418B360F2}.Debug|x86.Build.0 = Debug|Win32
		{C6D3E5A1-9BD7-4693-B037-BB3418B360F2}.Release|x64.ActiveCfg = Release|x64
		{C6D3E5A1-9BD7-4693-B037-BB3418B360F2}.Release|x64.Build.0 = Release|x64
		{C6D3E5A1-9BD7-4693-B037-BB3418B360F2}.Release|x86.ActiveCfg = Release|Win32
		{C6D3E5A1-9BD7-4693-B037-BB3418B360F2}.Release|x86.Build.0 = Release|Win32
		{9C1FB7A5-735B-47DC-A2AB-41676CDF72AD}.Debug|x64.ActiveCfg = Debug|x64
		{9C1FB7A5-735B-47DC-A2AB-41676CDF72AD}.Debug|x64.Build.0 = Debug|x64
		{9C1FB7A5-735B-47DC-A2AB-41676CDF72AD}.Debug|x86.ActiveCfg = Debug|Win32
		{9C1FB7A5-735B-47DC-A2AB-41676CDF72AD}.Debug|x86.Build.0 = Debug|Win32
		{9C1FB7A5-735B-47DC-A2AB-41676CDF72AD}.Release|x64.ActiveCfg = Release|x64
		{9C1FB7A5-735B-47DC-A2AB-41676CDF72AD}.Release|x64.Build.0 = Release|x64
		{9C1FB7A5-735B-47DC-A2AB-41676CDF72AD}.Release|x86.ActiveCfg = Release|Win32
		{9C1FB7A5-735B-47DC-A2AB-41676CDF72AD}.Release|x86.Build.0 = Release|Win32
	EndGlobalSection
	GlobalSection(SolutionProperties) = preSolution
		HideSolutionNode = FALSE
	EndGlobalSection
	GlobalSection(ExtensibilityGlobals) = postSolution
		SolutionGuid = {39FD09FC-261E-41BC-8F14-4D881CAED357}
	EndGlobalSection
EndGlobal
